github.com/Foxtrot-Division/teamworkAPI v0.0.0-20201208204840-eea35af8d440 h1:EDCGHZG2oyAmBpI0tEDDYMgN4E52KcpBLrZ9spppTQs=
github.com/Foxtrot-Division/teamworkAPI v0.0.0-20201208204840-eea35af8d440/go.mod h1:J13TphYyH3r6ANYTACQhmc2XT9oQ+Ao8Y/2dpwmAZrg=
github.com/Foxtrot-Division/teamworkAPI v0.0.0-20201214195143-744b3c89f618 h1:KC9jY7m+K4L0J8vCIXqLjTZiant+3Mw82bOLHZF0Mcs=
github.com/Foxtrot-Division/teamworkAPI v0.0.0-20201214195143-744b3c89f618/go.mod h1:J13TphYyH3r6ANYTACQhmc2XT9oQ+Ao8Y/2dpwmAZrg=
